
Microsoft Visual Studio Solution File, Format Version 12.00
# Visual Studio Version 17
VisualStudioVersion = 17.9.34728.123
MinimumVisualStudioVersion = 10.0.40219.1
Project("{FAE04EC0-301F-11D3-BF4B-00C04F79EFBC}") = "TravelAgencyServer", "TravelAgencyServer\TravelAgencyServer.csproj", "{192B71D9-D964-456E-9309-AAF3B45C0B7D}"
EndProject
Global
	GlobalSection(SolutionConfigurationPlatforms) = preSolution
		Debug|Any CPU = Debug|Any CPU
		Release|Any CPU = Release|Any CPU
	EndGlobalSection
	GlobalSection(ProjectConfigurationPlatforms) = postSolution
		{192B71D9-D964-456E-9309-AAF3B45C0B7D}.Debug|Any CPU.ActiveCfg = Debug|Any CPU
		{192B71D9-D964-456E-9309-AAF3B45C0B7D}.Debug|Any CPU.Build.0 = Debug|Any CPU
		{192B71D9-D964-456E-9309-AAF3B45C0B7D}.Release|Any CPU.ActiveCfg = Release|Any CPU
		{192B71D9-D964-456E-9309-AAF3B45C0B7D}.Release|Any CPU.Build.0 = Release|Any CPU
	EndGlobalSection
	GlobalSection(SolutionProperties) = preSolution
		HideSolutionNode = FALSE
	EndGlobalSection
	GlobalSection(ExtensibilityGlobals) = postSolution
		SolutionGuid = {1B6D9015-9B06-4A25-A019-3C3677B9B79B}
	EndGlobalSection
EndGlobal
